<?xml version="1.0" encoding="utf-8"?>
<Project ToolsVersion="4.0" xmlns="http://schemas.microsoft.com/developer/msbuild/2003">
  <ItemGroup>
    <Filter Include="General">
      <UniqueIdentifier>{4FC737F1-C7A5-4376-A066-2A32D752A2FF}</UniqueIdentifier>
      <Extensions>cpp;c;cc;cxx;def;odl;idl;hpj;bat;asm;asmx</Extensions>
    </Filter>
    <Filter Include="Game">
      <UniqueIdentifier>{7af33695-c06d-49f5-bd26-63fc967f3568}</UniqueIdentifier>
    </Filter>
    <Filter Include="Data">
      <UniqueIdentifier>{e55b867b-04ce-4af6-8c4f-f1490f896af2}</UniqueIdentifier>
    </Filter>
    <Filter Include="Data\Definitions">
      <UniqueIdentifier>{51732993-18f9-405b-b697-60f965ca948c}</UniqueIdentifier>
    </Filter>
    <Filter Include="Data\Materials">
      <UniqueIdentifier>{f7b9382b-ef91-46fc-bd81-f820bda7fec2}</UniqueIdentifier>
    </Filter>
    <Filter Include="Data\Images">
      <UniqueIdentifier>{4ff2fdbf-8196-4aa9-a982-698d45f2e3ea}</UniqueIdentifier>
    </Filter>
    <Filter Include="Data\ShaderPrograms">
      <UniqueIdentifier>{dbe415ab-3d9e-4701-b872-a47ba366d86e}</UniqueIdentifier>
    </Filter>
    <Filter Include="Data\Shaders">
      <UniqueIdentifier>{38c32011-edaf-4083-bb77-be03e4e3d720}</UniqueIdentifier>
    </Filter>
    <Filter Include="Data\Audio">
      <UniqueIdentifier>{743a0ba7-e9a0-4f5f-abfc-5d50f84175ae}</UniqueIdentifier>
    </Filter>
  </ItemGroup>
  <ItemGroup>
    <ClCompile Include="Main_Win32.cpp">
      <Filter>General</Filter>
    </ClCompile>
    <ClCompile Include="GameCommon.cpp">
      <Filter>General</Filter>
    </ClCompile>
    <ClCompile Include="Game.cpp">
      <Filter>Game</Filter>
    </ClCompile>
    <ClCompile Include="GameConfig.cpp">
      <Filter>General</Filter>
    </ClCompile>
    <ClCompile Include="Missile.cpp">
      <Filter>Game</Filter>
    </ClCompile>
    <ClCompile Include="Explosion.cpp">
      <Filter>Game</Filter>
    </ClCompile>
    <ClCompile Include="ExplosionManager.cpp">
      <Filter>Game</Filter>
    </ClCompile>
    <ClCompile Include="MissileManager.cpp">
      <Filter>Game</Filter>
    </ClCompile>
    <ClCompile Include="MissileBase.cpp">
      <Filter>Game</Filter>
    </ClCompile>
    <ClCompile Include="EnemyWave.cpp">
      <Filter>Game</Filter>
    </ClCompile>
    <ClCompile Include="Bomber.cpp">
      <Filter>Game</Filter>
    </ClCompile>
    <ClCompile Include="Satellite.cpp">
      <Filter>Game</Filter>
    </ClCompile>
  </ItemGroup>
  <ItemGroup>
    <ClInclude Include="GameCommon.hpp">
      <Filter>General</Filter>
    </ClInclude>
    <ClInclude Include="Game.hpp">
      <Filter>Game</Filter>
    </ClInclude>
    <ClInclude Include="GameConfig.hpp">
      <Filter>General</Filter>
    </ClInclude>
    <ClInclude Include="Missile.hpp">
      <Filter>Game</Filter>
    </ClInclude>
    <ClInclude Include="Explosion.hpp">
      <Filter>Game</Filter>
    </ClInclude>
    <ClInclude Include="ExplosionManager.hpp">
      <Filter>Game</Filter>
    </ClInclude>
    <ClInclude Include="MissileManager.hpp">
      <Filter>Game</Filter>
    </ClInclude>
    <ClInclude Include="MissileBase.hpp">
      <Filter>Game</Filter>
    </ClInclude>
    <ClInclude Include="EnemyWave.hpp">
      <Filter>Game</Filter>
    </ClInclude>
    <ClInclude Include="IObject.hpp">
      <Filter>Game</Filter>
    </ClInclude>
    <ClInclude Include="Bomber.hpp">
      <Filter>Game</Filter>
    </ClInclude>
    <ClInclude Include="Satellite.hpp">
      <Filter>Game</Filter>
    </ClInclude>
  </ItemGroup>
  <ItemGroup>
    <None Include="..\..\Run_x64\Data\Materials\crosshair.material">
      <Filter>Data\Materials</Filter>
    </None>
    <None Include="..\..\Run_x64\Data\Materials\missile.material">
      <Filter>Data\Materials</Filter>
    </None>
    <None Include="..\..\Run_x64\Data\Materials\bomber.material">
      <Filter>Data\Materials</Filter>
    </None>
    <None Include="..\..\Run_x64\Data\Materials\base.material">
      <Filter>Data\Materials</Filter>
    </None>
    <None Include="..\..\Run_x64\Data\Materials\city.material">
      <Filter>Data\Materials</Filter>
    </None>
  </ItemGroup>
  <ItemGroup>
    <Media Include="..\..\Run_x64\Data\Audio\Explosion0.wav">
      <Filter>Data\Audio</Filter>
    </Media>
    <Media Include="..\..\Run_x64\Data\Audio\Explosion1.wav">
      <Filter>Data\Audio</Filter>
    </Media>
    <Media Include="..\..\Run_x64\Data\Audio\Explosion2.wav">
      <Filter>Data\Audio</Filter>
    </Media>
    <Media Include="..\..\Run_x64\Data\Audio\Explosion3.wav">
      <Filter>Data\Audio</Filter>
    </Media>
    <Media Include="..\..\Run_x64\Data\Audio\Explosion4.wav">
      <Filter>Data\Audio</Filter>
    </Media>
    <Media Include="..\..\Run_x64\Data\Audio\LaunchMissile0.wav">
      <Filter>Data\Audio</Filter>
    </Media>
    <Media Include="..\..\Run_x64\Data\Audio\LaunchMissile1.wav">
      <Filter>Data\Audio</Filter>
    </Media>
    <Media Include="..\..\Run_x64\Data\Audio\NoMissiles.wav">
      <Filter>Data\Audio</Filter>
    </Media>
    <Media Include="..\..\Run_x64\Data\Audio\Klaxon.wav">
      <Filter>Data\Audio</Filter>
    </Media>
    <Media Include="..\..\Run_x64\Data\Audio\Bomber.wav">
      <Filter>Data\Audio</Filter>
    </Media>
    <Media Include="..\..\Run_x64\Data\Audio\Satellite.wav">
      <Filter>Data\Audio</Filter>
    </Media>
  </ItemGroup>
  <ItemGroup>
    <Image Include="..\..\Run_x64\Data\Images\Crosshair.png">
      <Filter>Data\Images</Filter>
    </Image>
    <Image Include="..\..\Run_x64\Data\Images\Missile.png">
      <Filter>Data\Images</Filter>
    </Image>
    <Image Include="..\..\Run_x64\Data\Images\Bomber.png">
      <Filter>Data\Images</Filter>
    </Image>
    <Image Include="..\..\Run_x64\Data\Images\Base.png">
      <Filter>Data\Images</Filter>
    </Image>
    <Image Include="..\..\Run_x64\Data\Images\City.png">
      <Filter>Data\Images</Filter>
    </Image>
  </ItemGroup>
</Project>